
Microsoft Visual Studio Solution File, Format Version 11.00
# Visual Studio 2010
Project("{F5034706-568F-408A-B7B3-4D38C6DB8A32}") = "PoshJira", "PoshJira\PoshJira.pssproj", "{FBB0AA25-F530-4945-97FD-FD0D33B9C425}"
EndProject
Project("{2150E333-8FDC-42A3-9474-1A3956D46DE8}") = "Solution Items", "Solution Items", "{C22B5B03-6ACF-4634-943B-9491D0F25914}"
	ProjectSection(SolutionItems) = preProject
		PoshJira.psm1 = PoshJira.psm1
	EndProjectSection
EndProject
Global
	GlobalSection(SolutionConfigurationPlatforms) = preSolution
		Debug|x86 = Debug|x86
		Release|x86 = Release|x86
	EndGlobalSection
	GlobalSection(ProjectConfigurationPlatforms) = postSolution
		{FBB0AA25-F530-4945-97FD-FD0D33B9C425}.Debug|x86.ActiveCfg = Debug|x86
		{FBB0AA25-F530-4945-97FD-FD0D33B9C425}.Debug|x86.Build.0 = Debug|x86
		{FBB0AA25-F530-4945-97FD-FD0D33B9C425}.Release|x86.ActiveCfg = Release|x86
		{FBB0AA25-F530-4945-97FD-FD0D33B9C425}.Release|x86.Build.0 = Release|x86
	EndGlobalSection
	GlobalSection(SolutionProperties) = preSolution
		HideSolutionNode = FALSE
	EndGlobalSection
EndGlobal
